
Microsoft Visual Studio Solution File, Format Version 12.00
# Visual Studio 15
VisualStudioVersion = 15.0.28307.902
MinimumVisualStudioVersion = 10.0.40219.1
Project("{8BC9CEB8-8B4A-11D0-8D11-00A0C91BC942}") = "Калькулятор мечты^^", "Калькулятор мечты^^\Калькулятор мечты^^.vcxproj", "{00A2432D-8962-4E3E-B4E7-CC1E70D1A96F}"
EndProject
Global
	GlobalSection(SolutionConfigurationPlatforms) = preSolution
		Debug|x64 = Debug|x64
		Debug|x86 = Debug|x86
		Release|x64 = Release|x64
		Release|x86 = Release|x86
	EndGlobalSection
	GlobalSection(ProjectConfigurationPlatforms) = postSolution
		{00A2432D-8962-4E3E-B4E7-CC1E70D1A96F}.Debug|x64.ActiveCfg = Debug|x64
		{00A2432D-8962-4E3E-B4E7-CC1E70D1A96F}.Debug|x64.Build.0 = Debug|x64
		{00A2432D-8962-4E3E-B4E7-CC1E70D1A96F}.Debug|x86.ActiveCfg = Debug|Win32
		{00A2432D-8962-4E3E-B4E7-CC1E70D1A96F}.Debug|x86.Build.0 = Debug|Win32
		{00A2432D-8962-4E3E-B4E7-CC1E70D1A96F}.Release|x64.ActiveCfg = Release|x64
		{00A2432D-8962-4E3E-B4E7-CC1E70D1A96F}.Release|x64.Build.0 = Release|x64
		{00A2432D-8962-4E3E-B4E7-CC1E70D1A96F}.Release|x86.ActiveCfg = Release|Win32
		{00A2432D-8962-4E3E-B4E7-CC1E70D1A96F}.Release|x86.Build.0 = Release|Win32
	EndGlobalSection
	GlobalSection(SolutionProperties) = preSolution
		HideSolutionNode = FALSE
	EndGlobalSection
	GlobalSection(ExtensibilityGlobals) = postSolution
		SolutionGuid = {B277EE0E-A531-4A6B-B73E-E4957C2F837C}
	EndGlobalSection
EndGlobal
